
Microsoft Visual Studio Solution File, Format Version 12.00
# Visual Studio 14
VisualStudioVersion = 14.0.24720.0
MinimumVisualStudioVersion = 10.0.40219.1
Project("{FAE04EC0-301F-11D3-BF4B-00C04F79EFBC}") = "TuesPechkin", "TuesPechkin\TuesPechkin.csproj", "{023DF833-B252-48B3-B6AF-DBBB13E39B13}"
EndProject
Project("{FAE04EC0-301F-11D3-BF4B-00C04F79EFBC}") = "TuesPechkin.TestFormsApp", "TuesPechkin.TestFormsApp\TuesPechkin.TestFormsApp.csproj", "{35E72E2C-DE58-4ED7-9B47-5EF13860AF42}"
EndProject
Project("{FAE04EC0-301F-11D3-BF4B-00C04F79EFBC}") = "TuesPechkin.Tests", "TuesPechkin.Tests\TuesPechkin.Tests.csproj", "{D58769FA-E008-4016-A81C-A85C606B3691}"
EndProject
Project("{2150E333-8FDC-42A3-9474-1A3956D46DE8}") = "Documentation", "Documentation", "{14133E64-8631-46C8-8477-D41C821968F4}"
	ProjectSection(SolutionItems) = preProject
		README.md = README.md
	EndProjectSection
EndProject
Project("{FAE04EC0-301F-11D3-BF4B-00C04F79EFBC}") = "TuesPechkin.TestWebApp", "TuesPechkin.TestWebApp\TuesPechkin.TestWebApp.csproj", "{B12D40DF-C865-4116-9C42-0EEDCF9FB19A}"
EndProject
Project("{FAE04EC0-301F-11D3-BF4B-00C04F79EFBC}") = "TuesPechkin.Wkhtmltox.Win32", "TuesPechkin.Wkhtmltox.Win32\TuesPechkin.Wkhtmltox.Win32.csproj", "{1BCD70EF-32EF-4339-9CCF-EA07415A39A9}"
EndProject
Project("{2150E333-8FDC-42A3-9474-1A3956D46DE8}") = "Examples", "Examples", "{FEC187D8-E106-4273-A173-3E0128FCBC65}"
EndProject
Project("{2150E333-8FDC-42A3-9474-1A3956D46DE8}") = "Tests", "Tests", "{E447312B-1B44-4BE7-A904-EF24922DF48B}"
EndProject
Project("{FAE04EC0-301F-11D3-BF4B-00C04F79EFBC}") = "TuesPechkin.Wkhtmltox.Win64", "TuesPechkin.Wkhtmltox.Win64\TuesPechkin.Wkhtmltox.Win64.csproj", "{F77CFFCA-1CF0-49C8-98B6-5C6009C6BE63}"
EndProject
Project("{FAE04EC0-301F-11D3-BF4B-00C04F79EFBC}") = "TuesPechkin.Wkhtmltox.AnyCPU", "TuesPechkin.Wkhtmltox.AnyCPU\TuesPechkin.Wkhtmltox.AnyCPU.csproj", "{785C8E22-FE66-4AB6-81B0-1A2AE29ADA72}"
EndProject
Global
	GlobalSection(SolutionConfigurationPlatforms) = preSolution
		Debug|Any CPU = Debug|Any CPU
		Release|Any CPU = Release|Any CPU
	EndGlobalSection
	GlobalSection(ProjectConfigurationPlatforms) = postSolution
		{023DF833-B252-48B3-B6AF-DBBB13E39B13}.Debug|Any CPU.ActiveCfg = Debug|Any CPU
		{023DF833-B252-48B3-B6AF-DBBB13E39B13}.Debug|Any CPU.Build.0 = Debug|Any CPU
		{023DF833-B252-48B3-B6AF-DBBB13E39B13}.Release|Any CPU.ActiveCfg = Release|Any CPU
		{023DF833-B252-48B3-B6AF-DBBB13E39B13}.Release|Any CPU.Build.0 = Release|Any CPU
		{35E72E2C-DE58-4ED7-9B47-5EF13860AF42}.Debug|Any CPU.ActiveCfg = Debug|x64
		{35E72E2C-DE58-4ED7-9B47-5EF13860AF42}.Debug|Any CPU.Build.0 = Debug|x64
		{35E72E2C-DE58-4ED7-9B47-5EF13860AF42}.Release|Any CPU.ActiveCfg = Release|x64
		{35E72E2C-DE58-4ED7-9B47-5EF13860AF42}.Release|Any CPU.Build.0 = Release|x64
		{D58769FA-E008-4016-A81C-A85C606B3691}.Debug|Any CPU.ActiveCfg = Debug|x86
		{D58769FA-E008-4016-A81C-A85C606B3691}.Debug|Any CPU.Build.0 = Debug|x86
		{D58769FA-E008-4016-A81C-A85C606B3691}.Release|Any CPU.ActiveCfg = Release|x86
		{D58769FA-E008-4016-A81C-A85C606B3691}.Release|Any CPU.Build.0 = Release|x86
		{B12D40DF-C865-4116-9C42-0EEDCF9FB19A}.Debug|Any CPU.ActiveCfg = Debug|x86
		{B12D40DF-C865-4116-9C42-0EEDCF9FB19A}.Debug|Any CPU.Build.0 = Debug|x86
		{B12D40DF-C865-4116-9C42-0EEDCF9FB19A}.Release|Any CPU.ActiveCfg = Release|x86
		{B12D40DF-C865-4116-9C42-0EEDCF9FB19A}.Release|Any CPU.Build.0 = Release|x86
		{1BCD70EF-32EF-4339-9CCF-EA07415A39A9}.Debug|Any CPU.ActiveCfg = Debug|x86
		{1BCD70EF-32EF-4339-9CCF-EA07415A39A9}.Debug|Any CPU.Build.0 = Debug|x86
		{1BCD70EF-32EF-4339-9CCF-EA07415A39A9}.Release|Any CPU.ActiveCfg = Release|x86
		{1BCD70EF-32EF-4339-9CCF-EA07415A39A9}.Release|Any CPU.Build.0 = Release|x86
		{F77CFFCA-1CF0-49C8-98B6-5C6009C6BE63}.Debug|Any CPU.ActiveCfg = Debug|x64
		{F77CFFCA-1CF0-49C8-98B6-5C6009C6BE63}.Debug|Any CPU.Build.0 = Debug|x64
		{F77CFFCA-1CF0-49C8-98B6-5C6009C6BE63}.Release|Any CPU.ActiveCfg = Release|x64
		{F77CFFCA-1CF0-49C8-98B6-5C6009C6BE63}.Release|Any CPU.Build.0 = Release|x64
		{785C8E22-FE66-4AB6-81B0-1A2AE29ADA72}.Debug|Any CPU.ActiveCfg = Debug|Any CPU
		{785C8E22-FE66-4AB6-81B0-1A2AE29ADA72}.Debug|Any CPU.Build.0 = Debug|Any CPU
		{785C8E22-FE66-4AB6-81B0-1A2AE29ADA72}.Release|Any CPU.ActiveCfg = Release|Any CPU
		{785C8E22-FE66-4AB6-81B0-1A2AE29ADA72}.Release|Any CPU.Build.0 = Release|Any CPU
	EndGlobalSection
	GlobalSection(SolutionProperties) = preSolution
		HideSolutionNode = FALSE
	EndGlobalSection
	GlobalSection(NestedProjects) = preSolution
		{35E72E2C-DE58-4ED7-9B47-5EF13860AF42} = {FEC187D8-E106-4273-A173-3E0128FCBC65}
		{D58769FA-E008-4016-A81C-A85C606B3691} = {E447312B-1B44-4BE7-A904-EF24922DF48B}
		{B12D40DF-C865-4116-9C42-0EEDCF9FB19A} = {FEC187D8-E106-4273-A173-3E0128FCBC65}
	EndGlobalSection
EndGlobal
